<?xml version="1.0" encoding="utf-8"?>
<Project ToolsVersion="4.0" xmlns="http://schemas.microsoft.com/developer/msbuild/2003">
  <ItemGroup>
    <Filter Include="Matrix2X2">
      <UniqueIdentifier>{35177f5f-57c8-41a8-9dfb-f79c38b0ba05}</UniqueIdentifier>
    </Filter>
    <Filter Include="Vector2">
      <UniqueIdentifier>{9dbf4c52-74cf-42c4-ac30-dc73912f2829}</UniqueIdentifier>
    </Filter>
    <Filter Include="_Demo">
      <UniqueIdentifier>{31d5d12a-5b8c-4800-809b-3fd274209edf}</UniqueIdentifier>
    </Filter>
    <Filter Include="Const &amp; Math">
      <UniqueIdentifier>{cf88e81b-dcd5-4386-8e4d-972984242076}</UniqueIdentifier>
    </Filter>
  </ItemGroup>
  <ItemGroup>
    <ClInclude Include="Matrix2X2.h">
      <Filter>Matrix2X2</Filter>
    </ClInclude>
    <ClInclude Include="Vector2.h">
      <Filter>Vector2</Filter>
    </ClInclude>
    <ClInclude Include="MathUtils.h">
      <Filter>Const &amp; Math</Filter>
    </ClInclude>
    <ClInclude Include="Constants.h">
      <Filter>Const &amp; Math</Filter>
    </ClInclude>
  </ItemGroup>
  <ItemGroup>
    <ClCompile Include="Matrix2X2.cpp">
      <Filter>Matrix2X2</Filter>
    </ClCompile>
    <ClCompile Include="MathDemo_Main.cpp">
      <Filter>_Demo</Filter>
    </ClCompile>
    <ClCompile Include="Vector2.cpp">
      <Filter>Vector2</Filter>
    </ClCompile>
    <ClCompile Include="Constants.cpp">
      <Filter>Const &amp; Math</Filter>
    </ClCompile>
  </ItemGroup>
  <ItemGroup>
    <None Include="README.md" />
  </ItemGroup>
</Project>